
Microsoft Visual Studio Solution File, Format Version 12.00
# Visual Studio Version 17
VisualStudioVersion = 17.5.002.0
MinimumVisualStudioVersion = 10.0.40219.1
Project("{9A19103F-16F7-4668-BE54-9A1E7A4F7556}") = "ExUm", "ExUm\ExUm.csproj", "{DC682513-1F32-4E75-A43A-654EA7839A2F}"
EndProject
Global
	GlobalSection(SolutionConfigurationPlatforms) = preSolution
		Debug|Any CPU = Debug|Any CPU
		Release|Any CPU = Release|Any CPU
	EndGlobalSection
	GlobalSection(ProjectConfigurationPlatforms) = postSolution
		{DC682513-1F32-4E75-A43A-654EA7839A2F}.Debug|Any CPU.ActiveCfg = Debug|Any CPU
		{DC682513-1F32-4E75-A43A-654EA7839A2F}.Debug|Any CPU.Build.0 = Debug|Any CPU
		{DC682513-1F32-4E75-A43A-654EA7839A2F}.Release|Any CPU.ActiveCfg = Release|Any CPU
		{DC682513-1F32-4E75-A43A-654EA7839A2F}.Release|Any CPU.Build.0 = Release|Any CPU
	EndGlobalSection
	GlobalSection(SolutionProperties) = preSolution
		HideSolutionNode = FALSE
	EndGlobalSection
	GlobalSection(ExtensibilityGlobals) = postSolution
		SolutionGuid = {CCE76632-4DDC-4D53-AD85-6FFF3114D091}
	EndGlobalSection
EndGlobal
